// !$*UTF8*$!
{
	archiveVersion = 1;
	classes = {
	};
	objectVersion = 51;
	objects = {

/* Begin PBXBuildFile section */
		731B8C922619CC1E00627E10 /* PreviousDayView.swift in Sources */ = {isa = PBXBuildFile; fileRef = 731B8C912619CC1E00627E10 /* PreviousDayView.swift */; };
		73694D3A260E36FA00EFEAFB /* AddInfoViewController.swift in Sources */ = {isa = PBXBuildFile; fileRef = 73694D39260E36FA00EFEAFB /* AddInfoViewController.swift */; };
		73694D3D260E379E00EFEAFB /* AddInfoPresenter.swift in Sources */ = {isa = PBXBuildFile; fileRef = 73694D3C260E379E00EFEAFB /* AddInfoPresenter.swift */; };
		73694D43260E37CB00EFEAFB /* AddInfoModel.swift in Sources */ = {isa = PBXBuildFile; fileRef = 73694D42260E37CB00EFEAFB /* AddInfoModel.swift */; };
		737F2D5626A35C4500303BB9 /* ListViewTableViewDataSource.swift in Sources */ = {isa = PBXBuildFile; fileRef = 737F2D5526A35C4500303BB9 /* ListViewTableViewDataSource.swift */; };
		737F2D5826A36FC000303BB9 /* HapticsManager.swift in Sources */ = {isa = PBXBuildFile; fileRef = 737F2D5726A36FC000303BB9 /* HapticsManager.swift */; };
		737F2D5A26A3782300303BB9 /* ListTableViewHeader.swift in Sources */ = {isa = PBXBuildFile; fileRef = 737F2D5926A3782300303BB9 /* ListTableViewHeader.swift */; };
		737FDF10269095B40017C7A9 /* LIstViewTableViewDelegate.swift in Sources */ = {isa = PBXBuildFile; fileRef = 737FDF0F269095B40017C7A9 /* LIstViewTableViewDelegate.swift */; };
		7382F0A02617835C00651E45 /* Date.swift in Sources */ = {isa = PBXBuildFile; fileRef = 7382F09F2617835C00651E45 /* Date.swift */; };
		7382F0A42617836700651E45 /* UIColor.swift in Sources */ = {isa = PBXBuildFile; fileRef = 7382F0A32617836700651E45 /* UIColor.swift */; };
		7382F0A72617837600651E45 /* NSAttributedString.swift in Sources */ = {isa = PBXBuildFile; fileRef = 7382F0A62617837600651E45 /* NSAttributedString.swift */; };
		7382F0AA261783F700651E45 /* HelperEntities.swift in Sources */ = {isa = PBXBuildFile; fileRef = 7382F0A9261783F700651E45 /* HelperEntities.swift */; };
		739C90292617856200BC1C93 /* NewsCell.swift in Sources */ = {isa = PBXBuildFile; fileRef = 739C90282617856200BC1C93 /* NewsCell.swift */; };
		739C902D2617858200BC1C93 /* AboutView.swift in Sources */ = {isa = PBXBuildFile; fileRef = 739C902C2617858200BC1C93 /* AboutView.swift */; };
		73B0CEC22697534A00E944A0 /* Colors.swift in Sources */ = {isa = PBXBuildFile; fileRef = 73B0CEC12697534A00E944A0 /* Colors.swift */; };
		73C7A1CA25F534E6007BB42F /* AppDelegate.swift in Sources */ = {isa = PBXBuildFile; fileRef = 73C7A1C925F534E6007BB42F /* AppDelegate.swift */; };
		73C7A1D325F534E9007BB42F /* Assets.xcassets in Resources */ = {isa = PBXBuildFile; fileRef = 73C7A1D225F534E9007BB42F /* Assets.xcassets */; };
		73C7A1D625F534E9007BB42F /* LaunchScreen.storyboard in Resources */ = {isa = PBXBuildFile; fileRef = 73C7A1D425F534E9007BB42F /* LaunchScreen.storyboard */; };
		73C7A1E525F537A2007BB42F /* ModelStock.swift in Sources */ = {isa = PBXBuildFile; fileRef = 73C7A1E425F537A2007BB42F /* ModelStock.swift */; };
		73C7A1F025F53BB8007BB42F /* ListPresenter.swift in Sources */ = {isa = PBXBuildFile; fileRef = 73C7A1EF25F53BB8007BB42F /* ListPresenter.swift */; };
		73C7A1F325F53BEB007BB42F /* ModuleBuilder.swift in Sources */ = {isa = PBXBuildFile; fileRef = 73C7A1F225F53BEB007BB42F /* ModuleBuilder.swift */; };
		73C7A1F625F53C0A007BB42F /* APIClient.swift in Sources */ = {isa = PBXBuildFile; fileRef = 73C7A1F525F53C0A007BB42F /* APIClient.swift */; };
		73C7A1FC25F53C63007BB42F /* LIstViewController.swift in Sources */ = {isa = PBXBuildFile; fileRef = 73C7A1FB25F53C63007BB42F /* LIstViewController.swift */; };
		73C7A21325F55FD0007BB42F /* CustomCell.swift in Sources */ = {isa = PBXBuildFile; fileRef = 73C7A21225F55FD0007BB42F /* CustomCell.swift */; };
		9D64627FA6EFC8A22A56073B /* Pods_YandexTask.framework in Frameworks */ = {isa = PBXBuildFile; fileRef = 3C8A51CD277723ED991CA79B /* Pods_YandexTask.framework */; };
		AA4492AB26ADBE1B00BD30ED /* ChartView.swift in Sources */ = {isa = PBXBuildFile; fileRef = AA4492AA26ADBE1B00BD30ED /* ChartView.swift */; };
		AA4492AD26ADC78700BD30ED /* LineChartView.swift in Sources */ = {isa = PBXBuildFile; fileRef = AA4492AC26ADC78700BD30ED /* LineChartView.swift */; };
		AA931DEE26C92F5B00565455 /* DataBaseService.swift in Sources */ = {isa = PBXBuildFile; fileRef = AA931DED26C92F5B00565455 /* DataBaseService.swift */; };
		AA931DF026C92F7900565455 /* DataBaseProtocol.swift in Sources */ = {isa = PBXBuildFile; fileRef = AA931DEF26C92F7900565455 /* DataBaseProtocol.swift */; };
		AA931DF226C92F8500565455 /* CoreDataStack.swift in Sources */ = {isa = PBXBuildFile; fileRef = AA931DF126C92F8500565455 /* CoreDataStack.swift */; };
		AA931DF426C9543B00565455 /* AccessibilityService.swift in Sources */ = {isa = PBXBuildFile; fileRef = AA931DF326C9543A00565455 /* AccessibilityService.swift */; };
		AAC7B3CA26D1737700BCE3CC /* StockModel+CoreDataClass.swift in Sources */ = {isa = PBXBuildFile; fileRef = AAC7B3C826D1737700BCE3CC /* StockModel+CoreDataClass.swift */; };
		AAC7B3CB26D1737700BCE3CC /* StockModel+CoreDataProperties.swift in Sources */ = {isa = PBXBuildFile; fileRef = AAC7B3C926D1737700BCE3CC /* StockModel+CoreDataProperties.swift */; };
		AAF6759526C1B32F00367972 /* StockModel.xcdatamodeld in Sources */ = {isa = PBXBuildFile; fileRef = AAF6759326C1B32F00367972 /* StockModel.xcdatamodeld */; };
/* End PBXBuildFile section */

/* Begin PBXFileReference section */
		3C8A51CD277723ED991CA79B /* Pods_YandexTask.framework */ = {isa = PBXFileReference; explicitFileType = wrapper.framework; includeInIndex = 0; path = Pods_YandexTask.framework; sourceTree = BUILT_PRODUCTS_DIR; };
		709315CF0E277DEF1B326934 /* Pods-YandexTask.debug.xcconfig */ = {isa = PBXFileReference; includeInIndex = 1; lastKnownFileType = text.xcconfig; name = "Pods-YandexTask.debug.xcconfig"; path = "Target Support Files/Pods-YandexTask/Pods-YandexTask.debug.xcconfig"; sourceTree = "<group>"; };
		731B8C912619CC1E00627E10 /* PreviousDayView.swift */ = {isa = PBXFileReference; lastKnownFileType = sourcecode.swift; path = PreviousDayView.swift; sourceTree = "<group>"; };
		73694D39260E36FA00EFEAFB /* AddInfoViewController.swift */ = {isa = PBXFileReference; lastKnownFileType = sourcecode.swift; path = AddInfoViewController.swift; sourceTree = "<group>"; };
		73694D3C260E379E00EFEAFB /* AddInfoPresenter.swift */ = {isa = PBXFileReference; lastKnownFileType = sourcecode.swift; path = AddInfoPresenter.swift; sourceTree = "<group>"; };
		73694D42260E37CB00EFEAFB /* AddInfoModel.swift */ = {isa = PBXFileReference; lastKnownFileType = sourcecode.swift; path = AddInfoModel.swift; sourceTree = "<group>"; };
		737F2D5526A35C4500303BB9 /* ListViewTableViewDataSource.swift */ = {isa = PBXFileReference; lastKnownFileType = sourcecode.swift; path = ListViewTableViewDataSource.swift; sourceTree = "<group>"; };
		737F2D5726A36FC000303BB9 /* HapticsManager.swift */ = {isa = PBXFileReference; lastKnownFileType = sourcecode.swift; path = HapticsManager.swift; sourceTree = "<group>"; };
		737F2D5926A3782300303BB9 /* ListTableViewHeader.swift */ = {isa = PBXFileReference; lastKnownFileType = sourcecode.swift; path = ListTableViewHeader.swift; sourceTree = "<group>"; };
		737FDF0F269095B40017C7A9 /* LIstViewTableViewDelegate.swift */ = {isa = PBXFileReference; lastKnownFileType = sourcecode.swift; path = LIstViewTableViewDelegate.swift; sourceTree = "<group>"; };
		7382F09F2617835C00651E45 /* Date.swift */ = {isa = PBXFileReference; lastKnownFileType = sourcecode.swift; path = Date.swift; sourceTree = "<group>"; };
		7382F0A32617836700651E45 /* UIColor.swift */ = {isa = PBXFileReference; lastKnownFileType = sourcecode.swift; path = UIColor.swift; sourceTree = "<group>"; };
		7382F0A62617837600651E45 /* NSAttributedString.swift */ = {isa = PBXFileReference; lastKnownFileType = sourcecode.swift; path = NSAttributedString.swift; sourceTree = "<group>"; };
		7382F0A9261783F700651E45 /* HelperEntities.swift */ = {isa = PBXFileReference; lastKnownFileType = sourcecode.swift; name = HelperEntities.swift; path = Modules/LIstView/HelperEntities.swift; sourceTree = "<group>"; };
		739C90282617856200BC1C93 /* NewsCell.swift */ = {isa = PBXFileReference; lastKnownFileType = sourcecode.swift; path = NewsCell.swift; sourceTree = "<group>"; };
		739C902C2617858200BC1C93 /* AboutView.swift */ = {isa = PBXFileReference; lastKnownFileType = sourcecode.swift; path = AboutView.swift; sourceTree = "<group>"; };
		73B0CEC12697534A00E944A0 /* Colors.swift */ = {isa = PBXFileReference; lastKnownFileType = sourcecode.swift; path = Colors.swift; sourceTree = "<group>"; };
		73C7A1C625F534E6007BB42F /* YandexTask.app */ = {isa = PBXFileReference; explicitFileType = wrapper.application; includeInIndex = 0; path = YandexTask.app; sourceTree = BUILT_PRODUCTS_DIR; };
		73C7A1C925F534E6007BB42F /* AppDelegate.swift */ = {isa = PBXFileReference; lastKnownFileType = sourcecode.swift; path = AppDelegate.swift; sourceTree = "<group>"; };
		73C7A1D225F534E9007BB42F /* Assets.xcassets */ = {isa = PBXFileReference; lastKnownFileType = folder.assetcatalog; path = Assets.xcassets; sourceTree = "<group>"; };
		73C7A1D525F534E9007BB42F /* Base */ = {isa = PBXFileReference; lastKnownFileType = file.storyboard; name = Base; path = Base.lproj/LaunchScreen.storyboard; sourceTree = "<group>"; };
		73C7A1D725F534E9007BB42F /* Info.plist */ = {isa = PBXFileReference; lastKnownFileType = text.plist.xml; path = Info.plist; sourceTree = "<group>"; };
		73C7A1E425F537A2007BB42F /* ModelStock.swift */ = {isa = PBXFileReference; lastKnownFileType = sourcecode.swift; path = ModelStock.swift; sourceTree = "<group>"; };
		73C7A1EF25F53BB8007BB42F /* ListPresenter.swift */ = {isa = PBXFileReference; lastKnownFileType = sourcecode.swift; path = ListPresenter.swift; sourceTree = "<group>"; };
		73C7A1F225F53BEB007BB42F /* ModuleBuilder.swift */ = {isa = PBXFileReference; lastKnownFileType = sourcecode.swift; path = ModuleBuilder.swift; sourceTree = "<group>"; };
		73C7A1F525F53C0A007BB42F /* APIClient.swift */ = {isa = PBXFileReference; lastKnownFileType = sourcecode.swift; path = APIClient.swift; sourceTree = "<group>"; };
		73C7A1FB25F53C63007BB42F /* LIstViewController.swift */ = {isa = PBXFileReference; lastKnownFileType = sourcecode.swift; path = LIstViewController.swift; sourceTree = "<group>"; };
		73C7A21225F55FD0007BB42F /* CustomCell.swift */ = {isa = PBXFileReference; lastKnownFileType = sourcecode.swift; path = CustomCell.swift; sourceTree = "<group>"; };
		85EEFE1EAB6B3950E9605E27 /* Pods-YandexTask.release.xcconfig */ = {isa = PBXFileReference; includeInIndex = 1; lastKnownFileType = text.xcconfig; name = "Pods-YandexTask.release.xcconfig"; path = "Target Support Files/Pods-YandexTask/Pods-YandexTask.release.xcconfig"; sourceTree = "<group>"; };
		AA4492AA26ADBE1B00BD30ED /* ChartView.swift */ = {isa = PBXFileReference; lastKnownFileType = sourcecode.swift; path = ChartView.swift; sourceTree = "<group>"; };
		AA4492AC26ADC78700BD30ED /* LineChartView.swift */ = {isa = PBXFileReference; lastKnownFileType = sourcecode.swift; path = LineChartView.swift; sourceTree = "<group>"; };
		AA931DED26C92F5B00565455 /* DataBaseService.swift */ = {isa = PBXFileReference; lastKnownFileType = sourcecode.swift; path = DataBaseService.swift; sourceTree = "<group>"; };
		AA931DEF26C92F7900565455 /* DataBaseProtocol.swift */ = {isa = PBXFileReference; lastKnownFileType = sourcecode.swift; path = DataBaseProtocol.swift; sourceTree = "<group>"; };
		AA931DF126C92F8500565455 /* CoreDataStack.swift */ = {isa = PBXFileReference; lastKnownFileType = sourcecode.swift; path = CoreDataStack.swift; sourceTree = "<group>"; };
		AA931DF326C9543A00565455 /* AccessibilityService.swift */ = {isa = PBXFileReference; lastKnownFileType = sourcecode.swift; path = AccessibilityService.swift; sourceTree = "<group>"; };
		AAC7B3C826D1737700BCE3CC /* StockModel+CoreDataClass.swift */ = {isa = PBXFileReference; lastKnownFileType = sourcecode.swift; path = "StockModel+CoreDataClass.swift"; sourceTree = "<group>"; };
		AAC7B3C926D1737700BCE3CC /* StockModel+CoreDataProperties.swift */ = {isa = PBXFileReference; lastKnownFileType = sourcecode.swift; path = "StockModel+CoreDataProperties.swift"; sourceTree = "<group>"; };
		AAF6759426C1B32F00367972 /* StockModel.xcdatamodel */ = {isa = PBXFileReference; lastKnownFileType = wrapper.xcdatamodel; path = StockModel.xcdatamodel; sourceTree = "<group>"; };
/* End PBXFileReference section */

/* Begin PBXFrameworksBuildPhase section */
		73C7A1C325F534E6007BB42F /* Frameworks */ = {
			isa = PBXFrameworksBuildPhase;
			buildActionMask = 2147483647;
			files = (
				9D64627FA6EFC8A22A56073B /* Pods_YandexTask.framework in Frameworks */,
			);
			runOnlyForDeploymentPostprocessing = 0;
		};
/* End PBXFrameworksBuildPhase section */

/* Begin PBXGroup section */
		73694D38260E36AD00EFEAFB /* AdditionalInfo */ = {
			isa = PBXGroup;
			children = (
				73694D42260E37CB00EFEAFB /* AddInfoModel.swift */,
				73694D3C260E379E00EFEAFB /* AddInfoPresenter.swift */,
				73694D39260E36FA00EFEAFB /* AddInfoViewController.swift */,
				739C90272617855300BC1C93 /* VIews */,
			);
			path = AdditionalInfo;
			sourceTree = "<group>";
		};
		7382F09E2617834100651E45 /* Extensions */ = {
			isa = PBXGroup;
			children = (
				7382F09F2617835C00651E45 /* Date.swift */,
				7382F0A32617836700651E45 /* UIColor.swift */,
				7382F0A62617837600651E45 /* NSAttributedString.swift */,
				73B0CEC12697534A00E944A0 /* Colors.swift */,
			);
			path = Extensions;
			sourceTree = "<group>";
		};
		739C90272617855300BC1C93 /* VIews */ = {
			isa = PBXGroup;
			children = (
				AA4492AA26ADBE1B00BD30ED /* ChartView.swift */,
				AA4492AC26ADC78700BD30ED /* LineChartView.swift */,
				739C90282617856200BC1C93 /* NewsCell.swift */,
				739C902C2617858200BC1C93 /* AboutView.swift */,
				731B8C912619CC1E00627E10 /* PreviousDayView.swift */,
			);
			path = VIews;
			sourceTree = "<group>";
		};
		73C7A1BD25F534E6007BB42F = {
			isa = PBXGroup;
			children = (
				73C7A1C825F534E6007BB42F /* YandexTask */,
				73C7A1C725F534E6007BB42F /* Products */,
				BFC382A526FEB0CB1838AB60 /* Pods */,
				BA4AA7B2017B72120A86AC49 /* Frameworks */,
			);
			sourceTree = "<group>";
		};
		73C7A1C725F534E6007BB42F /* Products */ = {
			isa = PBXGroup;
			children = (
				73C7A1C625F534E6007BB42F /* YandexTask.app */,
			);
			name = Products;
			sourceTree = "<group>";
		};
		73C7A1C825F534E6007BB42F /* YandexTask */ = {
			isa = PBXGroup;
			children = (
				73C7A1C925F534E6007BB42F /* AppDelegate.swift */,
				737F2D5726A36FC000303BB9 /* HapticsManager.swift */,
				73C7A1F825F53C34007BB42F /* Modules */,
				AAF896A826C2CB7100BF02D3 /* CoreData */,
				73C7A1F525F53C0A007BB42F /* APIClient.swift */,
				AA931DF326C9543A00565455 /* AccessibilityService.swift */,
				7382F0A9261783F700651E45 /* HelperEntities.swift */,
				7382F09E2617834100651E45 /* Extensions */,
				73C7A1D225F534E9007BB42F /* Assets.xcassets */,
				73C7A1D425F534E9007BB42F /* LaunchScreen.storyboard */,
				73C7A1D725F534E9007BB42F /* Info.plist */,
			);
			path = YandexTask;
			sourceTree = "<group>";
		};
		73C7A1F825F53C34007BB42F /* Modules */ = {
			isa = PBXGroup;
			children = (
				73C7A1F225F53BEB007BB42F /* ModuleBuilder.swift */,
				73694D38260E36AD00EFEAFB /* AdditionalInfo */,
				73C7A1F925F53C46007BB42F /* LIstView */,
			);
			path = Modules;
			sourceTree = "<group>";
		};
		73C7A1F925F53C46007BB42F /* LIstView */ = {
			isa = PBXGroup;
			children = (
				73C7A1E425F537A2007BB42F /* ModelStock.swift */,
				73C7A1EF25F53BB8007BB42F /* ListPresenter.swift */,
				73C7A1FB25F53C63007BB42F /* LIstViewController.swift */,
				73C7A21125F55FBA007BB42F /* Views */,
			);
			path = LIstView;
			sourceTree = "<group>";
		};
		73C7A21125F55FBA007BB42F /* Views */ = {
			isa = PBXGroup;
			children = (
				737F2D5926A3782300303BB9 /* ListTableViewHeader.swift */,
				73C7A21225F55FD0007BB42F /* CustomCell.swift */,
				737FDF0F269095B40017C7A9 /* LIstViewTableViewDelegate.swift */,
				737F2D5526A35C4500303BB9 /* ListViewTableViewDataSource.swift */,
			);
			path = Views;
			sourceTree = "<group>";
		};
		AAF8969F26C2C73E00BF02D3 /* Model */ = {
			isa = PBXGroup;
			children = (
				AAC7B3C826D1737700BCE3CC /* StockModel+CoreDataClass.swift */,
				AAC7B3C926D1737700BCE3CC /* StockModel+CoreDataProperties.swift */,
			);
			name = Model;
			path = ../..;
			sourceTree = "<group>";
		};
		AAF896A826C2CB7100BF02D3 /* CoreData */ = {
			isa = PBXGroup;
			children = (
				AAF6759326C1B32F00367972 /* StockModel.xcdatamodeld */,
				AAF8969F26C2C73E00BF02D3 /* Model */,
				AA931DED26C92F5B00565455 /* DataBaseService.swift */,
				AA931DEF26C92F7900565455 /* DataBaseProtocol.swift */,
				AA931DF126C92F8500565455 /* CoreDataStack.swift */,
			);
			path = CoreData;
			sourceTree = "<group>";
		};
		BA4AA7B2017B72120A86AC49 /* Frameworks */ = {
			isa = PBXGroup;
			children = (
				3C8A51CD277723ED991CA79B /* Pods_YandexTask.framework */,
			);
			name = Frameworks;
			sourceTree = "<group>";
		};
		BFC382A526FEB0CB1838AB60 /* Pods */ = {
			isa = PBXGroup;
			children = (
				709315CF0E277DEF1B326934 /* Pods-YandexTask.debug.xcconfig */,
				85EEFE1EAB6B3950E9605E27 /* Pods-YandexTask.release.xcconfig */,
			);
			path = Pods;
			sourceTree = "<group>";
		};
/* End PBXGroup section */

/* Begin PBXNativeTarget section */
		73C7A1C525F534E6007BB42F /* YandexTask */ = {
			isa = PBXNativeTarget;
			buildConfigurationList = 73C7A1DA25F534E9007BB42F /* Build configuration list for PBXNativeTarget "YandexTask" */;
			buildPhases = (
				5CD036E9A4FE34A49CCD92A5 /* [CP] Check Pods Manifest.lock */,
				73C7A1C225F534E6007BB42F /* Sources */,
				73C7A1C325F534E6007BB42F /* Frameworks */,
				73C7A1C425F534E6007BB42F /* Resources */,
				8752255336E76890A826B2B2 /* [CP] Embed Pods Frameworks */,
				C2D975A89B7CEB5F4157D397 /* [CP] Copy Pods Resources */,
			);
			buildRules = (
			);
			dependencies = (
			);
			name = YandexTask;
			productName = YandexTask;
			productReference = 73C7A1C625F534E6007BB42F /* YandexTask.app */;
			productType = "com.apple.product-type.application";
		};
/* End PBXNativeTarget section */

/* Begin PBXProject section */
		73C7A1BE25F534E6007BB42F /* Project object */ = {
			isa = PBXProject;
			attributes = {
				LastSwiftUpdateCheck = 1240;
				LastUpgradeCheck = 1240;
				TargetAttributes = {
					73C7A1C525F534E6007BB42F = {
						CreatedOnToolsVersion = 12.4;
					};
				};
			};
			buildConfigurationList = 73C7A1C125F534E6007BB42F /* Build configuration list for PBXProject "YandexTask" */;
			compatibilityVersion = "Xcode 9.3";
			developmentRegion = en;
			hasScannedForEncodings = 0;
			knownRegions = (
				en,
				Base,
			);
			mainGroup = 73C7A1BD25F534E6007BB42F;
			productRefGroup = 73C7A1C725F534E6007BB42F /* Products */;
			projectDirPath = "";
			projectRoot = "";
			targets = (
				73C7A1C525F534E6007BB42F /* YandexTask */,
			);
		};
/* End PBXProject section */

/* Begin PBXResourcesBuildPhase section */
		73C7A1C425F534E6007BB42F /* Resources */ = {
			isa = PBXResourcesBuildPhase;
			buildActionMask = 2147483647;
			files = (
				73C7A1D625F534E9007BB42F /* LaunchScreen.storyboard in Resources */,
				73C7A1D325F534E9007BB42F /* Assets.xcassets in Resources */,
			);
			runOnlyForDeploymentPostprocessing = 0;
		};
/* End PBXResourcesBuildPhase section */

/* Begin PBXShellScriptBuildPhase section */
		5CD036E9A4FE34A49CCD92A5 /* [CP] Check Pods Manifest.lock */ = {
			isa = PBXShellScriptBuildPhase;
			buildActionMask = 2147483647;
			files = (
			);
			inputFileListPaths = (
			);
			inputPaths = (
				"${PODS_PODFILE_DIR_PATH}/Podfile.lock",
				"${PODS_ROOT}/Manifest.lock",
			);
			name = "[CP] Check Pods Manifest.lock";
			outputFileListPaths = (
			);
			outputPaths = (
				"$(DERIVED_FILE_DIR)/Pods-YandexTask-checkManifestLockResult.txt",
			);
			runOnlyForDeploymentPostprocessing = 0;
			shellPath = /bin/sh;
			shellScript = "diff \"${PODS_PODFILE_DIR_PATH}/Podfile.lock\" \"${PODS_ROOT}/Manifest.lock\" > /dev/null\nif [ $? != 0 ] ; then\n    # print error to STDERR\n    echo \"error: The sandbox is not in sync with the Podfile.lock. Run 'pod install' or update your CocoaPods installation.\" >&2\n    exit 1\nfi\n# This output is used by Xcode 'outputs' to avoid re-running this script phase.\necho \"SUCCESS\" > \"${SCRIPT_OUTPUT_FILE_0}\"\n";
			showEnvVarsInLog = 0;
		};
		8752255336E76890A826B2B2 /* [CP] Embed Pods Frameworks */ = {
			isa = PBXShellScriptBuildPhase;
			buildActionMask = 2147483647;
			files = (
			);
			inputFileListPaths = (
				"${PODS_ROOT}/Target Support Files/Pods-YandexTask/Pods-YandexTask-frameworks-${CONFIGURATION}-input-files.xcfilelist",
			);
			name = "[CP] Embed Pods Frameworks";
			outputFileListPaths = (
				"${PODS_ROOT}/Target Support Files/Pods-YandexTask/Pods-YandexTask-frameworks-${CONFIGURATION}-output-files.xcfilelist",
			);
			runOnlyForDeploymentPostprocessing = 0;
			shellPath = /bin/sh;
			shellScript = "\"${PODS_ROOT}/Target Support Files/Pods-YandexTask/Pods-YandexTask-frameworks.sh\"\n";
			showEnvVarsInLog = 0;
		};
		C2D975A89B7CEB5F4157D397 /* [CP] Copy Pods Resources */ = {
			isa = PBXShellScriptBuildPhase;
			buildActionMask = 2147483647;
			files = (
			);
			inputFileListPaths = (
				"${PODS_ROOT}/Target Support Files/Pods-YandexTask/Pods-YandexTask-resources-${CONFIGURATION}-input-files.xcfilelist",
			);
			name = "[CP] Copy Pods Resources";
			outputFileListPaths = (
				"${PODS_ROOT}/Target Support Files/Pods-YandexTask/Pods-YandexTask-resources-${CONFIGURATION}-output-files.xcfilelist",
			);
			runOnlyForDeploymentPostprocessing = 0;
			shellPath = /bin/sh;
			shellScript = "\"${PODS_ROOT}/Target Support Files/Pods-YandexTask/Pods-YandexTask-resources.sh\"\n";
			showEnvVarsInLog = 0;
		};
/* End PBXShellScriptBuildPhase section */

/* Begin PBXSourcesBuildPhase section */
		73C7A1C225F534E6007BB42F /* Sources */ = {
			isa = PBXSourcesBuildPhase;
			buildActionMask = 2147483647;
			files = (
				739C902D2617858200BC1C93 /* AboutView.swift in Sources */,
				73C7A1E525F537A2007BB42F /* ModelStock.swift in Sources */,
				7382F0A42617836700651E45 /* UIColor.swift in Sources */,
				73C7A1F325F53BEB007BB42F /* ModuleBuilder.swift in Sources */,
				73C7A1CA25F534E6007BB42F /* AppDelegate.swift in Sources */,
				731B8C922619CC1E00627E10 /* PreviousDayView.swift in Sources */,
				AA4492AB26ADBE1B00BD30ED /* ChartView.swift in Sources */,
				739C90292617856200BC1C93 /* NewsCell.swift in Sources */,
				AA931DEE26C92F5B00565455 /* DataBaseService.swift in Sources */,
				AA931DF226C92F8500565455 /* CoreDataStack.swift in Sources */,
				737F2D5626A35C4500303BB9 /* ListViewTableViewDataSource.swift in Sources */,
				7382F0AA261783F700651E45 /* HelperEntities.swift in Sources */,
				AAC7B3CA26D1737700BCE3CC /* StockModel+CoreDataClass.swift in Sources */,
				AAF6759526C1B32F00367972 /* StockModel.xcdatamodeld in Sources */,
				737F2D5826A36FC000303BB9 /* HapticsManager.swift in Sources */,
				AA4492AD26ADC78700BD30ED /* LineChartView.swift in Sources */,
				73C7A1F025F53BB8007BB42F /* ListPresenter.swift in Sources */,
				73C7A1FC25F53C63007BB42F /* LIstViewController.swift in Sources */,
				AA931DF026C92F7900565455 /* DataBaseProtocol.swift in Sources */,
				7382F0A72617837600651E45 /* NSAttributedString.swift in Sources */,
				AAC7B3CB26D1737700BCE3CC /* StockModel+CoreDataProperties.swift in Sources */,
				73694D3D260E379E00EFEAFB /* AddInfoPresenter.swift in Sources */,
				737F2D5A26A3782300303BB9 /* ListTableViewHeader.swift in Sources */,
				73B0CEC22697534A00E944A0 /* Colors.swift in Sources */,
				73C7A21325F55FD0007BB42F /* CustomCell.swift in Sources */,
				73694D3A260E36FA00EFEAFB /* AddInfoViewController.swift in Sources */,
				73C7A1F625F53C0A007BB42F /* APIClient.swift in Sources */,
				737FDF10269095B40017C7A9 /* LIstViewTableViewDelegate.swift in Sources */,
				7382F0A02617835C00651E45 /* Date.swift in Sources */,
				73694D43260E37CB00EFEAFB /* AddInfoModel.swift in Sources */,
				AA931DF426C9543B00565455 /* AccessibilityService.swift in Sources */,
			);
			runOnlyForDeploymentPostprocessing = 0;
		};
/* End PBXSourcesBuildPhase section */

/* Begin PBXVariantGroup section */
		73C7A1D425F534E9007BB42F /* LaunchScreen.storyboard */ = {
			isa = PBXVariantGroup;
			children = (
				73C7A1D525F534E9007BB42F /* Base */,
			);
			name = LaunchScreen.storyboard;
			sourceTree = "<group>";
		};
/* End PBXVariantGroup section */

/* Begin XCBuildConfiguration section */
		73C7A1D825F534E9007BB42F /* Debug */ = {
			isa = XCBuildConfiguration;
			buildSettings = {
				ALWAYS_SEARCH_USER_PATHS = NO;
				CLANG_ANALYZER_NONNULL = YES;
				CLANG_ANALYZER_NUMBER_OBJECT_CONVERSION = YES_AGGRESSIVE;
				CLANG_CXX_LANGUAGE_STANDARD = "gnu++14";
				CLANG_CXX_LIBRARY = "libc++";
				CLANG_ENABLE_MODULES = YES;
				CLANG_ENABLE_OBJC_ARC = YES;
				CLANG_ENABLE_OBJC_WEAK = YES;
				CLANG_WARN_BLOCK_CAPTURE_AUTORELEASING = YES;
				CLANG_WARN_BOOL_CONVERSION = YES;
				CLANG_WARN_COMMA = YES;
				CLANG_WARN_CONSTANT_CONVERSION = YES;
				CLANG_WARN_DEPRECATED_OBJC_IMPLEMENTATIONS = YES;
				CLANG_WARN_DIRECT_OBJC_ISA_USAGE = YES_ERROR;
				CLANG_WARN_DOCUMENTATION_COMMENTS = YES;
				CLANG_WARN_EMPTY_BODY = YES;
				CLANG_WARN_ENUM_CONVERSION = YES;
				CLANG_WARN_INFINITE_RECURSION = YES;
				CLANG_WARN_INT_CONVERSION = YES;
				CLANG_WARN_NON_LITERAL_NULL_CONVERSION = YES;
				CLANG_WARN_OBJC_IMPLICIT_RETAIN_SELF = YES;
				CLANG_WARN_OBJC_LITERAL_CONVERSION = YES;
				CLANG_WARN_OBJC_ROOT_CLASS = YES_ERROR;
				CLANG_WARN_QUOTED_INCLUDE_IN_FRAMEWORK_HEADER = YES;
				CLANG_WARN_RANGE_LOOP_ANALYSIS = YES;
				CLANG_WARN_STRICT_PROTOTYPES = YES;
				CLANG_WARN_SUSPICIOUS_MOVE = YES;
				CLANG_WARN_UNGUARDED_AVAILABILITY = YES_AGGRESSIVE;
				CLANG_WARN_UNREACHABLE_CODE = YES;
				CLANG_WARN__DUPLICATE_METHOD_MATCH = YES;
				COPY_PHASE_STRIP = NO;
				DEBUG_INFORMATION_FORMAT = dwarf;
				ENABLE_STRICT_OBJC_MSGSEND = YES;
				ENABLE_TESTABILITY = YES;
				GCC_C_LANGUAGE_STANDARD = gnu11;
				GCC_DYNAMIC_NO_PIC = NO;
				GCC_NO_COMMON_BLOCKS = YES;
				GCC_OPTIMIZATION_LEVEL = 0;
				GCC_PREPROCESSOR_DEFINITIONS = (
					"DEBUG=1",
					"$(inherited)",
				);
				GCC_WARN_64_TO_32_BIT_CONVERSION = YES;
				GCC_WARN_ABOUT_RETURN_TYPE = YES_ERROR;
				GCC_WARN_UNDECLARED_SELECTOR = YES;
				GCC_WARN_UNINITIALIZED_AUTOS = YES_AGGRESSIVE;
				GCC_WARN_UNUSED_FUNCTION = YES;
				GCC_WARN_UNUSED_VARIABLE = YES;
				IPHONEOS_DEPLOYMENT_TARGET = 14.4;
				MTL_ENABLE_DEBUG_INFO = INCLUDE_SOURCE;
				MTL_FAST_MATH = YES;
				ONLY_ACTIVE_ARCH = YES;
				SDKROOT = iphoneos;
				SWIFT_ACTIVE_COMPILATION_CONDITIONS = DEBUG;
				SWIFT_OPTIMIZATION_LEVEL = "-Onone";
			};
			name = Debug;
		};
		73C7A1D925F534E9007BB42F /* Release */ = {
			isa = XCBuildConfiguration;
			buildSettings = {
				ALWAYS_SEARCH_USER_PATHS = NO;
				CLANG_ANALYZER_NONNULL = YES;
				CLANG_ANALYZER_NUMBER_OBJECT_CONVERSION = YES_AGGRESSIVE;
				CLANG_CXX_LANGUAGE_STANDARD = "gnu++14";
				CLANG_CXX_LIBRARY = "libc++";
				CLANG_ENABLE_MODULES = YES;
				CLANG_ENABLE_OBJC_ARC = YES;
				CLANG_ENABLE_OBJC_WEAK = YES;
				CLANG_WARN_BLOCK_CAPTURE_AUTORELEASING = YES;
				CLANG_WARN_BOOL_CONVERSION = YES;
				CLANG_WARN_COMMA = YES;
				CLANG_WARN_CONSTANT_CONVERSION = YES;
				CLANG_WARN_DEPRECATED_OBJC_IMPLEMENTATIONS = YES;
				CLANG_WARN_DIRECT_OBJC_ISA_USAGE = YES_ERROR;
				CLANG_WARN_DOCUMENTATION_COMMENTS = YES;
				CLANG_WARN_EMPTY_BODY = YES;
				CLANG_WARN_ENUM_CONVERSION = YES;
				CLANG_WARN_INFINITE_RECURSION = YES;
				CLANG_WARN_INT_CONVERSION = YES;
				CLANG_WARN_NON_LITERAL_NULL_CONVERSION = YES;
				CLANG_WARN_OBJC_IMPLICIT_RETAIN_SELF = YES;
				CLANG_WARN_OBJC_LITERAL_CONVERSION = YES;
				CLANG_WARN_OBJC_ROOT_CLASS = YES_ERROR;
				CLANG_WARN_QUOTED_INCLUDE_IN_FRAMEWORK_HEADER = YES;
				CLANG_WARN_RANGE_LOOP_ANALYSIS = YES;
				CLANG_WARN_STRICT_PROTOTYPES = YES;
				CLANG_WARN_SUSPICIOUS_MOVE = YES;
				CLANG_WARN_UNGUARDED_AVAILABILITY = YES_AGGRESSIVE;
				CLANG_WARN_UNREACHABLE_CODE = YES;
				CLANG_WARN__DUPLICATE_METHOD_MATCH = YES;
				COPY_PHASE_STRIP = NO;
				DEBUG_INFORMATION_FORMAT = "dwarf-with-dsym";
				ENABLE_NS_ASSERTIONS = NO;
				ENABLE_STRICT_OBJC_MSGSEND = YES;
				GCC_C_LANGUAGE_STANDARD = gnu11;
				GCC_NO_COMMON_BLOCKS = YES;
				GCC_WARN_64_TO_32_BIT_CONVERSION = YES;
				GCC_WARN_ABOUT_RETURN_TYPE = YES_ERROR;
				GCC_WARN_UNDECLARED_SELECTOR = YES;
				GCC_WARN_UNINITIALIZED_AUTOS = YES_AGGRESSIVE;
				GCC_WARN_UNUSED_FUNCTION = YES;
				GCC_WARN_UNUSED_VARIABLE = YES;
				IPHONEOS_DEPLOYMENT_TARGET = 14.4;
				MTL_ENABLE_DEBUG_INFO = NO;
				MTL_FAST_MATH = YES;
				SDKROOT = iphoneos;
				SWIFT_COMPILATION_MODE = wholemodule;
				SWIFT_OPTIMIZATION_LEVEL = "-O";
				VALIDATE_PRODUCT = YES;
			};
			name = Release;
		};
		73C7A1DB25F534E9007BB42F /* Debug */ = {
			isa = XCBuildConfiguration;
			baseConfigurationReference = 709315CF0E277DEF1B326934 /* Pods-YandexTask.debug.xcconfig */;
			buildSettings = {
				ASSETCATALOG_COMPILER_APPICON_NAME = AppIcon;
				ASSETCATALOG_COMPILER_GLOBAL_ACCENT_COLOR_NAME = AccentColor;
				CODE_SIGN_STYLE = Automatic;
				DEVELOPMENT_TEAM = YDJFMC7LFN;
				INFOPLIST_FILE = YandexTask/Info.plist;
				LD_RUNPATH_SEARCH_PATHS = (
					"$(inherited)",
					"@executable_path/Frameworks",
				);
				PRODUCT_BUNDLE_IDENTIFIER = stocks.YandexTask;
				PRODUCT_NAME = "$(TARGET_NAME)";
				SWIFT_VERSION = 5.0;
				TARGETED_DEVICE_FAMILY = "1,2";
			};
			name = Debug;
		};
		73C7A1DC25F534E9007BB42F /* Release */ = {
			isa = XCBuildConfiguration;
			baseConfigurationReference = 85EEFE1EAB6B3950E9605E27 /* Pods-YandexTask.release.xcconfig */;
			buildSettings = {
				ASSETCATALOG_COMPILER_APPICON_NAME = AppIcon;
				ASSETCATALOG_COMPILER_GLOBAL_ACCENT_COLOR_NAME = AccentColor;
				CODE_SIGN_STYLE = Automatic;
				DEVELOPMENT_TEAM = YDJFMC7LFN;
				INFOPLIST_FILE = YandexTask/Info.plist;
				LD_RUNPATH_SEARCH_PATHS = (
					"$(inherited)",
					"@executable_path/Frameworks",
				);
				PRODUCT_BUNDLE_IDENTIFIER = stocks.YandexTask;
				PRODUCT_NAME = "$(TARGET_NAME)";
				SWIFT_VERSION = 5.0;
				TARGETED_DEVICE_FAMILY = "1,2";
			};
			name = Release;
		};
/* End XCBuildConfiguration section */

/* Begin XCConfigurationList section */
		73C7A1C125F534E6007BB42F /* Build configuration list for PBXProject "YandexTask" */ = {
			isa = XCConfigurationList;
			buildConfigurations = (
				73C7A1D825F534E9007BB42F /* Debug */,
				73C7A1D925F534E9007BB42F /* Release */,
			);
			defaultConfigurationIsVisible = 0;
			defaultConfigurationName = Release;
		};
		73C7A1DA25F534E9007BB42F /* Build configuration list for PBXNativeTarget "YandexTask" */ = {
			isa = XCConfigurationList;
			buildConfigurations = (
				73C7A1DB25F534E9007BB42F /* Debug */,
				73C7A1DC25F534E9007BB42F /* Release */,
			);
			defaultConfigurationIsVisible = 0;
			defaultConfigurationName = Release;
		};
/* End XCConfigurationList section */

/* Begin XCVersionGroup section */
		AAF6759326C1B32F00367972 /* StockModel.xcdatamodeld */ = {
			isa = XCVersionGroup;
			children = (
				AAF6759426C1B32F00367972 /* StockModel.xcdatamodel */,
			);
			currentVersion = AAF6759426C1B32F00367972 /* StockModel.xcdatamodel */;
			path = StockModel.xcdatamodeld;
			sourceTree = "<group>";
			versionGroupType = wrapper.xcdatamodel;
		};
/* End XCVersionGroup section */
	};
	rootObject = 73C7A1BE25F534E6007BB42F /* Project object */;
}
